
Microsoft Visual Studio Solution File, Format Version 12.00
# Visual Studio Version 17
VisualStudioVersion = 17.0.31903.59
MinimumVisualStudioVersion = 10.0.40219.1
Project("{9A19103F-16F7-4668-BE54-9A1E7A4F7556}") = "Sales.Api", "Sales.Api\Sales.Api.csproj", "{4F83072F-4549-4A27-8111-F0CEB50D177E}"
	ProjectSection(ProjectDependencies) = postProject
		{42F4AC1A-76BC-4543-A3FE-FCB78767C030} = {42F4AC1A-76BC-4543-A3FE-FCB78767C030}
		{D655A55B-6851-4148-B4FD-033CA3F06B99} = {D655A55B-6851-4148-B4FD-033CA3F06B99}
	EndProjectSection
EndProject
Project("{9A19103F-16F7-4668-BE54-9A1E7A4F7556}") = "Sales.Domain", "Sales.Domain\Sales.Domain.csproj", "{8C42C40E-A882-441E-A6CA-6FC3FDB3045D}"
EndProject
Project("{9A19103F-16F7-4668-BE54-9A1E7A4F7556}") = "Sales.Repository", "Sales.Repository\Sales.Repository.csproj", "{42F4AC1A-76BC-4543-A3FE-FCB78767C030}"
EndProject
Project("{9A19103F-16F7-4668-BE54-9A1E7A4F7556}") = "Sales.Service", "Sales.Service\Sales.Service.csproj", "{D655A55B-6851-4148-B4FD-033CA3F06B99}"
EndProject
Global
	GlobalSection(SolutionConfigurationPlatforms) = preSolution
		Debug|Any CPU = Debug|Any CPU
		Release|Any CPU = Release|Any CPU
	EndGlobalSection
	GlobalSection(ProjectConfigurationPlatforms) = postSolution
		{4F83072F-4549-4A27-8111-F0CEB50D177E}.Debug|Any CPU.ActiveCfg = Debug|Any CPU
		{4F83072F-4549-4A27-8111-F0CEB50D177E}.Debug|Any CPU.Build.0 = Debug|Any CPU
		{4F83072F-4549-4A27-8111-F0CEB50D177E}.Release|Any CPU.ActiveCfg = Release|Any CPU
		{4F83072F-4549-4A27-8111-F0CEB50D177E}.Release|Any CPU.Build.0 = Release|Any CPU
		{8C42C40E-A882-441E-A6CA-6FC3FDB3045D}.Debug|Any CPU.ActiveCfg = Debug|Any CPU
		{8C42C40E-A882-441E-A6CA-6FC3FDB3045D}.Debug|Any CPU.Build.0 = Debug|Any CPU
		{8C42C40E-A882-441E-A6CA-6FC3FDB3045D}.Release|Any CPU.ActiveCfg = Release|Any CPU
		{8C42C40E-A882-441E-A6CA-6FC3FDB3045D}.Release|Any CPU.Build.0 = Release|Any CPU
		{42F4AC1A-76BC-4543-A3FE-FCB78767C030}.Debug|Any CPU.ActiveCfg = Debug|Any CPU
		{42F4AC1A-76BC-4543-A3FE-FCB78767C030}.Debug|Any CPU.Build.0 = Debug|Any CPU
		{42F4AC1A-76BC-4543-A3FE-FCB78767C030}.Release|Any CPU.ActiveCfg = Release|Any CPU
		{42F4AC1A-76BC-4543-A3FE-FCB78767C030}.Release|Any CPU.Build.0 = Release|Any CPU
		{D655A55B-6851-4148-B4FD-033CA3F06B99}.Debug|Any CPU.ActiveCfg = Debug|Any CPU
		{D655A55B-6851-4148-B4FD-033CA3F06B99}.Debug|Any CPU.Build.0 = Debug|Any CPU
		{D655A55B-6851-4148-B4FD-033CA3F06B99}.Release|Any CPU.ActiveCfg = Release|Any CPU
		{D655A55B-6851-4148-B4FD-033CA3F06B99}.Release|Any CPU.Build.0 = Release|Any CPU
	EndGlobalSection
	GlobalSection(SolutionProperties) = preSolution
		HideSolutionNode = FALSE
	EndGlobalSection
EndGlobal
